// !$*UTF8*$!
{
	archiveVersion = 1;
	classes = {
	};
	objectVersion = 52;
	objects = {

/* Begin PBXBuildFile section */
		57E91C8B24C58EB600A39E0E /* AppDelegate.swift in Sources */ = {isa = PBXBuildFile; fileRef = 57E91C8A24C58EB600A39E0E /* AppDelegate.swift */; };
		57E91C8D24C58EB600A39E0E /* SceneDelegate.swift in Sources */ = {isa = PBXBuildFile; fileRef = 57E91C8C24C58EB600A39E0E /* SceneDelegate.swift */; };
		57E91C8F24C58EB600A39E0E /* ViewController.swift in Sources */ = {isa = PBXBuildFile; fileRef = 57E91C8E24C58EB600A39E0E /* ViewController.swift */; };
		57E91C9224C58EB600A39E0E /* Main.storyboard in Resources */ = {isa = PBXBuildFile; fileRef = 57E91C9024C58EB600A39E0E /* Main.storyboard */; };
		57E91C9424C58EB900A39E0E /* Assets.xcassets in Resources */ = {isa = PBXBuildFile; fileRef = 57E91C9324C58EB900A39E0E /* Assets.xcassets */; };
		57E91C9724C58EB900A39E0E /* LaunchScreen.storyboard in Resources */ = {isa = PBXBuildFile; fileRef = 57E91C9524C58EB900A39E0E /* LaunchScreen.storyboard */; };
		57E91CAC24C5940000A39E0E /* ReactorKit in Frameworks */ = {isa = PBXBuildFile; productRef = 57E91CAB24C5940000A39E0E /* ReactorKit */; };
		57E91CAE24C5948100A39E0E /* RxBlocking in Frameworks */ = {isa = PBXBuildFile; productRef = 57E91CAD24C5948100A39E0E /* RxBlocking */; };
		57E91CB024C5948100A39E0E /* RxCocoa in Frameworks */ = {isa = PBXBuildFile; productRef = 57E91CAF24C5948100A39E0E /* RxCocoa */; };
		57E91CB224C5948100A39E0E /* RxRelay in Frameworks */ = {isa = PBXBuildFile; productRef = 57E91CB124C5948100A39E0E /* RxRelay */; };
		57E91CB424C5948100A39E0E /* RxSwift in Frameworks */ = {isa = PBXBuildFile; productRef = 57E91CB324C5948100A39E0E /* RxSwift */; };
		57E91CB924C595AC00A39E0E /* Kingfisher in Frameworks */ = {isa = PBXBuildFile; productRef = 57E91CB824C595AC00A39E0E /* Kingfisher */; };
		6ADFC13124CC203E0008C561 /* UIColor+Assets.swift in Sources */ = {isa = PBXBuildFile; fileRef = 6ADFC13024CC203E0008C561 /* UIColor+Assets.swift */; };
		6ADFC13324CC20F10008C561 /* UIView+Inspectable.swift in Sources */ = {isa = PBXBuildFile; fileRef = 6ADFC13224CC20F10008C561 /* UIView+Inspectable.swift */; };
		6AE5656724CAD70600D2FF23 /* Color.xcassets in Resources */ = {isa = PBXBuildFile; fileRef = 6AE5656624CAD70600D2FF23 /* Color.xcassets */; };
		6AE5656B24CADAD700D2FF23 /* UIViewController+Storyboard.swift in Sources */ = {isa = PBXBuildFile; fileRef = 6AE5656A24CADAD700D2FF23 /* UIViewController+Storyboard.swift */; };
		6AE5656E24CAE3AD00D2FF23 /* StoryboardBuildable.swift in Sources */ = {isa = PBXBuildFile; fileRef = 6AE5656D24CAE3AD00D2FF23 /* StoryboardBuildable.swift */; };
		6AE5657024CAE3C800D2FF23 /* Reusable.swift in Sources */ = {isa = PBXBuildFile; fileRef = 6AE5656F24CAE3C800D2FF23 /* Reusable.swift */; };
		FE1F7E2824CC1DF800306454 /* MainViewController.swift in Sources */ = {isa = PBXBuildFile; fileRef = FE1F7E2724CC1DF800306454 /* MainViewController.swift */; };
		FE1F7E2A24CC2BAD00306454 /* Main.xcassets in Resources */ = {isa = PBXBuildFile; fileRef = FE1F7E2924CC2BAD00306454 /* Main.xcassets */; };
/* End PBXBuildFile section */

/* Begin PBXFileReference section */
		57E91C8724C58EB600A39E0E /* OOTD.app */ = {isa = PBXFileReference; explicitFileType = wrapper.application; includeInIndex = 0; path = OOTD.app; sourceTree = BUILT_PRODUCTS_DIR; };
		57E91C8A24C58EB600A39E0E /* AppDelegate.swift */ = {isa = PBXFileReference; lastKnownFileType = sourcecode.swift; path = AppDelegate.swift; sourceTree = "<group>"; };
		57E91C8C24C58EB600A39E0E /* SceneDelegate.swift */ = {isa = PBXFileReference; lastKnownFileType = sourcecode.swift; path = SceneDelegate.swift; sourceTree = "<group>"; };
		57E91C8E24C58EB600A39E0E /* ViewController.swift */ = {isa = PBXFileReference; lastKnownFileType = sourcecode.swift; path = ViewController.swift; sourceTree = "<group>"; };
		57E91C9124C58EB600A39E0E /* Base */ = {isa = PBXFileReference; lastKnownFileType = file.storyboard; name = Base; path = Base.lproj/Main.storyboard; sourceTree = "<group>"; };
		57E91C9324C58EB900A39E0E /* Assets.xcassets */ = {isa = PBXFileReference; lastKnownFileType = folder.assetcatalog; path = Assets.xcassets; sourceTree = "<group>"; };
		57E91C9624C58EB900A39E0E /* Base */ = {isa = PBXFileReference; lastKnownFileType = file.storyboard; name = Base; path = Base.lproj/LaunchScreen.storyboard; sourceTree = "<group>"; };
		57E91C9824C58EB900A39E0E /* Info.plist */ = {isa = PBXFileReference; lastKnownFileType = text.plist.xml; path = Info.plist; sourceTree = "<group>"; };
		6ADFC13024CC203E0008C561 /* UIColor+Assets.swift */ = {isa = PBXFileReference; lastKnownFileType = sourcecode.swift; path = "UIColor+Assets.swift"; sourceTree = "<group>"; };
		6ADFC13224CC20F10008C561 /* UIView+Inspectable.swift */ = {isa = PBXFileReference; lastKnownFileType = sourcecode.swift; path = "UIView+Inspectable.swift"; sourceTree = "<group>"; };
		6AE5656624CAD70600D2FF23 /* Color.xcassets */ = {isa = PBXFileReference; lastKnownFileType = folder.assetcatalog; path = Color.xcassets; sourceTree = "<group>"; };
		6AE5656A24CADAD700D2FF23 /* UIViewController+Storyboard.swift */ = {isa = PBXFileReference; lastKnownFileType = sourcecode.swift; path = "UIViewController+Storyboard.swift"; sourceTree = "<group>"; };
		6AE5656D24CAE3AD00D2FF23 /* StoryboardBuildable.swift */ = {isa = PBXFileReference; lastKnownFileType = sourcecode.swift; path = StoryboardBuildable.swift; sourceTree = "<group>"; };
		6AE5656F24CAE3C800D2FF23 /* Reusable.swift */ = {isa = PBXFileReference; lastKnownFileType = sourcecode.swift; path = Reusable.swift; sourceTree = "<group>"; };
		FE1F7E2724CC1DF800306454 /* MainViewController.swift */ = {isa = PBXFileReference; lastKnownFileType = sourcecode.swift; path = MainViewController.swift; sourceTree = "<group>"; };
		FE1F7E2924CC2BAD00306454 /* Main.xcassets */ = {isa = PBXFileReference; lastKnownFileType = folder.assetcatalog; path = Main.xcassets; sourceTree = "<group>"; };
/* End PBXFileReference section */

/* Begin PBXFrameworksBuildPhase section */
		57E91C8424C58EB600A39E0E /* Frameworks */ = {
			isa = PBXFrameworksBuildPhase;
			buildActionMask = 2147483647;
			files = (
				57E91CB924C595AC00A39E0E /* Kingfisher in Frameworks */,
				57E91CB024C5948100A39E0E /* RxCocoa in Frameworks */,
				57E91CAC24C5940000A39E0E /* ReactorKit in Frameworks */,
				57E91CB424C5948100A39E0E /* RxSwift in Frameworks */,
				57E91CB224C5948100A39E0E /* RxRelay in Frameworks */,
				57E91CAE24C5948100A39E0E /* RxBlocking in Frameworks */,
			);
			runOnlyForDeploymentPostprocessing = 0;
		};
/* End PBXFrameworksBuildPhase section */

/* Begin PBXGroup section */
		57E91C7E24C58EB600A39E0E = {
			isa = PBXGroup;
			children = (
				57E91C8924C58EB600A39E0E /* OOTD */,
				57E91C8824C58EB600A39E0E /* Products */,
				57E91CAA24C5935500A39E0E /* Frameworks */,
			);
			sourceTree = "<group>";
		};
		57E91C8824C58EB600A39E0E /* Products */ = {
			isa = PBXGroup;
			children = (
				57E91C8724C58EB600A39E0E /* OOTD.app */,
			);
			name = Products;
			sourceTree = "<group>";
		};
		57E91C8924C58EB600A39E0E /* OOTD */ = {
			isa = PBXGroup;
			children = (
				6AE5656C24CAE39D00D2FF23 /* Utils */,
				6AE5656924CADABE00D2FF23 /* Extensions */,
				6AE5656524CAD6F500D2FF23 /* Resources */,
				57E91CBD24C59BF100A39E0E /* Life Cycles */,
				57E91CBC24C59BC100A39E0E /* Supports Items */,
				57E91CBE24C59C1900A39E0E /* Main */,
			);
			path = OOTD;
			sourceTree = "<group>";
		};
		57E91CAA24C5935500A39E0E /* Frameworks */ = {
			isa = PBXGroup;
			children = (
			);
			name = Frameworks;
			sourceTree = "<group>";
		};
		57E91CBC24C59BC100A39E0E /* Supports Items */ = {
			isa = PBXGroup;
			children = (
				57E91C9324C58EB900A39E0E /* Assets.xcassets */,
				57E91C9524C58EB900A39E0E /* LaunchScreen.storyboard */,
				57E91C9824C58EB900A39E0E /* Info.plist */,
			);
			path = "Supports Items";
			sourceTree = "<group>";
		};
		57E91CBD24C59BF100A39E0E /* Life Cycles */ = {
			isa = PBXGroup;
			children = (
				57E91C8A24C58EB600A39E0E /* AppDelegate.swift */,
				57E91C8C24C58EB600A39E0E /* SceneDelegate.swift */,
			);
			path = "Life Cycles";
			sourceTree = "<group>";
		};
		57E91CBE24C59C1900A39E0E /* Main */ = {
			isa = PBXGroup;
			children = (
				57E91C8E24C58EB600A39E0E /* ViewController.swift */,
				57E91C9024C58EB600A39E0E /* Main.storyboard */,
				FE1F7E2724CC1DF800306454 /* MainViewController.swift */,
			);
			path = Main;
			sourceTree = "<group>";
		};
		6AE5656524CAD6F500D2FF23 /* Resources */ = {
			isa = PBXGroup;
			children = (
				6AE5656624CAD70600D2FF23 /* Color.xcassets */,
				FE1F7E2924CC2BAD00306454 /* Main.xcassets */,
			);
			path = Resources;
			sourceTree = "<group>";
		};
		6AE5656924CADABE00D2FF23 /* Extensions */ = {
			isa = PBXGroup;
			children = (
				6AE5656A24CADAD700D2FF23 /* UIViewController+Storyboard.swift */,
				6ADFC13024CC203E0008C561 /* UIColor+Assets.swift */,
				6ADFC13224CC20F10008C561 /* UIView+Inspectable.swift */,
			);
			path = Extensions;
			sourceTree = "<group>";
		};
		6AE5656C24CAE39D00D2FF23 /* Utils */ = {
			isa = PBXGroup;
			children = (
				6AE5656F24CAE3C800D2FF23 /* Reusable.swift */,
				6AE5656D24CAE3AD00D2FF23 /* StoryboardBuildable.swift */,
			);
			path = Utils;
			sourceTree = "<group>";
		};
/* End PBXGroup section */

/* Begin PBXNativeTarget section */
		57E91C8624C58EB600A39E0E /* OOTD */ = {
			isa = PBXNativeTarget;
			buildConfigurationList = 57E91C9B24C58EB900A39E0E /* Build configuration list for PBXNativeTarget "OOTD" */;
			buildPhases = (
				57E91CBA24C5961A00A39E0E /* Swiftlint AutoCorrect */,
				57E91CBB24C5962900A39E0E /* Swiftlint */,
				57E91C8324C58EB600A39E0E /* Sources */,
				57E91C8424C58EB600A39E0E /* Frameworks */,
				57E91C8524C58EB600A39E0E /* Resources */,
			);
			buildRules = (
			);
			dependencies = (
			);
			name = OOTD;
			packageProductDependencies = (
				57E91CAB24C5940000A39E0E /* ReactorKit */,
				57E91CAD24C5948100A39E0E /* RxBlocking */,
				57E91CAF24C5948100A39E0E /* RxCocoa */,
				57E91CB124C5948100A39E0E /* RxRelay */,
				57E91CB324C5948100A39E0E /* RxSwift */,
				57E91CB824C595AC00A39E0E /* Kingfisher */,
			);
			productName = OOTD;
			productReference = 57E91C8724C58EB600A39E0E /* OOTD.app */;
			productType = "com.apple.product-type.application";
		};
/* End PBXNativeTarget section */

/* Begin PBXProject section */
		57E91C7F24C58EB600A39E0E /* Project object */ = {
			isa = PBXProject;
			attributes = {
				LastSwiftUpdateCheck = 1160;
				LastUpgradeCheck = 1160;
				ORGANIZATIONNAME = fcs;
				TargetAttributes = {
					57E91C8624C58EB600A39E0E = {
						CreatedOnToolsVersion = 11.6;
					};
				};
			};
			buildConfigurationList = 57E91C8224C58EB600A39E0E /* Build configuration list for PBXProject "OOTD" */;
			compatibilityVersion = "Xcode 9.3";
			developmentRegion = en;
			hasScannedForEncodings = 0;
			knownRegions = (
				en,
				Base,
			);
			mainGroup = 57E91C7E24C58EB600A39E0E;
			packageReferences = (
				57E91C9E24C5926F00A39E0E /* XCRemoteSwiftPackageReference "ReactorKit" */,
				57E91CA124C592FC00A39E0E /* XCRemoteSwiftPackageReference "RxSwift" */,
				57E91CB724C595AC00A39E0E /* XCRemoteSwiftPackageReference "Kingfisher" */,
			);
			productRefGroup = 57E91C8824C58EB600A39E0E /* Products */;
			projectDirPath = "";
			projectRoot = "";
			targets = (
				57E91C8624C58EB600A39E0E /* OOTD */,
			);
		};
/* End PBXProject section */

/* Begin PBXResourcesBuildPhase section */
		57E91C8524C58EB600A39E0E /* Resources */ = {
			isa = PBXResourcesBuildPhase;
			buildActionMask = 2147483647;
			files = (
				FE1F7E2A24CC2BAD00306454 /* Main.xcassets in Resources */,
				57E91C9724C58EB900A39E0E /* LaunchScreen.storyboard in Resources */,
				57E91C9424C58EB900A39E0E /* Assets.xcassets in Resources */,
				6AE5656724CAD70600D2FF23 /* Color.xcassets in Resources */,
				57E91C9224C58EB600A39E0E /* Main.storyboard in Resources */,
			);
			runOnlyForDeploymentPostprocessing = 0;
		};
/* End PBXResourcesBuildPhase section */

/* Begin PBXShellScriptBuildPhase section */
		57E91CBA24C5961A00A39E0E /* Swiftlint AutoCorrect */ = {
			isa = PBXShellScriptBuildPhase;
			buildActionMask = 2147483647;
			files = (
			);
			inputFileListPaths = (
			);
			inputPaths = (
			);
			name = "Swiftlint AutoCorrect";
			outputFileListPaths = (
			);
			outputPaths = (
			);
			runOnlyForDeploymentPostprocessing = 0;
			shellPath = /bin/sh;
			shellScript = "if which swiftlint >/dev/null; then\nswiftlint autocorrect\nelse\necho \"warning: SwiftLint not installed, download from https://github.com/realm/SwiftLint\"\nfi\n";
		};
		57E91CBB24C5962900A39E0E /* Swiftlint */ = {
			isa = PBXShellScriptBuildPhase;
			buildActionMask = 2147483647;
			files = (
			);
			inputFileListPaths = (
			);
			inputPaths = (
			);
			name = Swiftlint;
			outputFileListPaths = (
			);
			outputPaths = (
			);
			runOnlyForDeploymentPostprocessing = 0;
			shellPath = /bin/sh;
			shellScript = "if which swiftlint >/dev/null; then\nswiftlint\nelse\necho \"warning: SwiftLint not installed, download from https://github.com/realm/SwiftLint\"\nfi\n";
		};
/* End PBXShellScriptBuildPhase section */

/* Begin PBXSourcesBuildPhase section */
		57E91C8324C58EB600A39E0E /* Sources */ = {
			isa = PBXSourcesBuildPhase;
			buildActionMask = 2147483647;
			files = (
				FE1F7E2824CC1DF800306454 /* MainViewController.swift in Sources */,
				6AE5657024CAE3C800D2FF23 /* Reusable.swift in Sources */,
				6ADFC13324CC20F10008C561 /* UIView+Inspectable.swift in Sources */,
				6AE5656E24CAE3AD00D2FF23 /* StoryboardBuildable.swift in Sources */,
				57E91C8F24C58EB600A39E0E /* ViewController.swift in Sources */,
				6ADFC13124CC203E0008C561 /* UIColor+Assets.swift in Sources */,
				57E91C8B24C58EB600A39E0E /* AppDelegate.swift in Sources */,
				57E91C8D24C58EB600A39E0E /* SceneDelegate.swift in Sources */,
				6AE5656B24CADAD700D2FF23 /* UIViewController+Storyboard.swift in Sources */,
			);
			runOnlyForDeploymentPostprocessing = 0;
		};
/* End PBXSourcesBuildPhase section */

/* Begin PBXVariantGroup section */
		57E91C9024C58EB600A39E0E /* Main.storyboard */ = {
			isa = PBXVariantGroup;
			children = (
				57E91C9124C58EB600A39E0E /* Base */,
			);
			name = Main.storyboard;
			sourceTree = "<group>";
		};
		57E91C9524C58EB900A39E0E /* LaunchScreen.storyboard */ = {
			isa = PBXVariantGroup;
			children = (
				57E91C9624C58EB900A39E0E /* Base */,
			);
			name = LaunchScreen.storyboard;
			sourceTree = "<group>";
		};
/* End PBXVariantGroup section */

/* Begin XCBuildConfiguration section */
		57E91C9924C58EB900A39E0E /* Debug */ = {
			isa = XCBuildConfiguration;
			buildSettings = {
				ALWAYS_SEARCH_USER_PATHS = NO;
				CLANG_ANALYZER_NONNULL = YES;
				CLANG_ANALYZER_NUMBER_OBJECT_CONVERSION = YES_AGGRESSIVE;
				CLANG_CXX_LANGUAGE_STANDARD = "gnu++14";
				CLANG_CXX_LIBRARY = "libc++";
				CLANG_ENABLE_MODULES = YES;
				CLANG_ENABLE_OBJC_ARC = YES;
				CLANG_ENABLE_OBJC_WEAK = YES;
				CLANG_WARN_BLOCK_CAPTURE_AUTORELEASING = YES;
				CLANG_WARN_BOOL_CONVERSION = YES;
				CLANG_WARN_COMMA = YES;
				CLANG_WARN_CONSTANT_CONVERSION = YES;
				CLANG_WARN_DEPRECATED_OBJC_IMPLEMENTATIONS = YES;
				CLANG_WARN_DIRECT_OBJC_ISA_USAGE = YES_ERROR;
				CLANG_WARN_DOCUMENTATION_COMMENTS = YES;
				CLANG_WARN_EMPTY_BODY = YES;
				CLANG_WARN_ENUM_CONVERSION = YES;
				CLANG_WARN_INFINITE_RECURSION = YES;
				CLANG_WARN_INT_CONVERSION = YES;
				CLANG_WARN_NON_LITERAL_NULL_CONVERSION = YES;
				CLANG_WARN_OBJC_IMPLICIT_RETAIN_SELF = YES;
				CLANG_WARN_OBJC_LITERAL_CONVERSION = YES;
				CLANG_WARN_OBJC_ROOT_CLASS = YES_ERROR;
				CLANG_WARN_RANGE_LOOP_ANALYSIS = YES;
				CLANG_WARN_STRICT_PROTOTYPES = YES;
				CLANG_WARN_SUSPICIOUS_MOVE = YES;
				CLANG_WARN_UNGUARDED_AVAILABILITY = YES_AGGRESSIVE;
				CLANG_WARN_UNREACHABLE_CODE = YES;
				CLANG_WARN__DUPLICATE_METHOD_MATCH = YES;
				COPY_PHASE_STRIP = NO;
				DEBUG_INFORMATION_FORMAT = dwarf;
				ENABLE_STRICT_OBJC_MSGSEND = YES;
				ENABLE_TESTABILITY = YES;
				GCC_C_LANGUAGE_STANDARD = gnu11;
				GCC_DYNAMIC_NO_PIC = NO;
				GCC_NO_COMMON_BLOCKS = YES;
				GCC_OPTIMIZATION_LEVEL = 0;
				GCC_PREPROCESSOR_DEFINITIONS = (
					"DEBUG=1",
					"$(inherited)",
				);
				GCC_WARN_64_TO_32_BIT_CONVERSION = YES;
				GCC_WARN_ABOUT_RETURN_TYPE = YES_ERROR;
				GCC_WARN_UNDECLARED_SELECTOR = YES;
				GCC_WARN_UNINITIALIZED_AUTOS = YES_AGGRESSIVE;
				GCC_WARN_UNUSED_FUNCTION = YES;
				GCC_WARN_UNUSED_VARIABLE = YES;
				IPHONEOS_DEPLOYMENT_TARGET = 13.6;
				MTL_ENABLE_DEBUG_INFO = INCLUDE_SOURCE;
				MTL_FAST_MATH = YES;
				ONLY_ACTIVE_ARCH = YES;
				SDKROOT = iphoneos;
				SWIFT_ACTIVE_COMPILATION_CONDITIONS = DEBUG;
				SWIFT_OPTIMIZATION_LEVEL = "-Onone";
			};
			name = Debug;
		};
		57E91C9A24C58EB900A39E0E /* Release */ = {
			isa = XCBuildConfiguration;
			buildSettings = {
				ALWAYS_SEARCH_USER_PATHS = NO;
				CLANG_ANALYZER_NONNULL = YES;
				CLANG_ANALYZER_NUMBER_OBJECT_CONVERSION = YES_AGGRESSIVE;
				CLANG_CXX_LANGUAGE_STANDARD = "gnu++14";
				CLANG_CXX_LIBRARY = "libc++";
				CLANG_ENABLE_MODULES = YES;
				CLANG_ENABLE_OBJC_ARC = YES;
				CLANG_ENABLE_OBJC_WEAK = YES;
				CLANG_WARN_BLOCK_CAPTURE_AUTORELEASING = YES;
				CLANG_WARN_BOOL_CONVERSION = YES;
				CLANG_WARN_COMMA = YES;
				CLANG_WARN_CONSTANT_CONVERSION = YES;
				CLANG_WARN_DEPRECATED_OBJC_IMPLEMENTATIONS = YES;
				CLANG_WARN_DIRECT_OBJC_ISA_USAGE = YES_ERROR;
				CLANG_WARN_DOCUMENTATION_COMMENTS = YES;
				CLANG_WARN_EMPTY_BODY = YES;
				CLANG_WARN_ENUM_CONVERSION = YES;
				CLANG_WARN_INFINITE_RECURSION = YES;
				CLANG_WARN_INT_CONVERSION = YES;
				CLANG_WARN_NON_LITERAL_NULL_CONVERSION = YES;
				CLANG_WARN_OBJC_IMPLICIT_RETAIN_SELF = YES;
				CLANG_WARN_OBJC_LITERAL_CONVERSION = YES;
				CLANG_WARN_OBJC_ROOT_CLASS = YES_ERROR;
				CLANG_WARN_RANGE_LOOP_ANALYSIS = YES;
				CLANG_WARN_STRICT_PROTOTYPES = YES;
				CLANG_WARN_SUSPICIOUS_MOVE = YES;
				CLANG_WARN_UNGUARDED_AVAILABILITY = YES_AGGRESSIVE;
				CLANG_WARN_UNREACHABLE_CODE = YES;
				CLANG_WARN__DUPLICATE_METHOD_MATCH = YES;
				COPY_PHASE_STRIP = NO;
				DEBUG_INFORMATION_FORMAT = "dwarf-with-dsym";
				ENABLE_NS_ASSERTIONS = NO;
				ENABLE_STRICT_OBJC_MSGSEND = YES;
				GCC_C_LANGUAGE_STANDARD = gnu11;
				GCC_NO_COMMON_BLOCKS = YES;
				GCC_WARN_64_TO_32_BIT_CONVERSION = YES;
				GCC_WARN_ABOUT_RETURN_TYPE = YES_ERROR;
				GCC_WARN_UNDECLARED_SELECTOR = YES;
				GCC_WARN_UNINITIALIZED_AUTOS = YES_AGGRESSIVE;
				GCC_WARN_UNUSED_FUNCTION = YES;
				GCC_WARN_UNUSED_VARIABLE = YES;
				IPHONEOS_DEPLOYMENT_TARGET = 13.6;
				MTL_ENABLE_DEBUG_INFO = NO;
				MTL_FAST_MATH = YES;
				SDKROOT = iphoneos;
				SWIFT_COMPILATION_MODE = wholemodule;
				SWIFT_OPTIMIZATION_LEVEL = "-O";
				VALIDATE_PRODUCT = YES;
			};
			name = Release;
		};
		57E91C9C24C58EB900A39E0E /* Debug */ = {
			isa = XCBuildConfiguration;
			buildSettings = {
				ASSETCATALOG_COMPILER_APPICON_NAME = AppIcon;
				CODE_SIGN_IDENTITY = "Apple Development";
				CODE_SIGN_STYLE = Manual;
				DEVELOPMENT_TEAM = "";
				INFOPLIST_FILE = "$(SRCROOT)/OOTD/Supports Items/Info.plist";
				IPHONEOS_DEPLOYMENT_TARGET = 13.0;
				LD_RUNPATH_SEARCH_PATHS = (
					"$(inherited)",
					"@executable_path/Frameworks",
				);
				PRODUCT_BUNDLE_IDENTIFIER = com.fcs.OOTD;
				PRODUCT_NAME = "$(TARGET_NAME)";
				PROVISIONING_PROFILE_SPECIFIER = "";
				SWIFT_VERSION = 5.0;
				TARGETED_DEVICE_FAMILY = 1;
			};
			name = Debug;
		};
		57E91C9D24C58EB900A39E0E /* Release */ = {
			isa = XCBuildConfiguration;
			buildSettings = {
				ASSETCATALOG_COMPILER_APPICON_NAME = AppIcon;
				CODE_SIGN_IDENTITY = "Apple Development";
				CODE_SIGN_STYLE = Manual;
				DEVELOPMENT_TEAM = "";
				INFOPLIST_FILE = "$(SRCROOT)/OOTD/Supports Items/Info.plist";
				IPHONEOS_DEPLOYMENT_TARGET = 13.0;
				LD_RUNPATH_SEARCH_PATHS = (
					"$(inherited)",
					"@executable_path/Frameworks",
				);
				PRODUCT_BUNDLE_IDENTIFIER = com.fcs.OOTD;
				PRODUCT_NAME = "$(TARGET_NAME)";
				PROVISIONING_PROFILE_SPECIFIER = "";
				SWIFT_VERSION = 5.0;
				TARGETED_DEVICE_FAMILY = 1;
			};
			name = Release;
		};
/* End XCBuildConfiguration section */

/* Begin XCConfigurationList section */
		57E91C8224C58EB600A39E0E /* Build configuration list for PBXProject "OOTD" */ = {
			isa = XCConfigurationList;
			buildConfigurations = (
				57E91C9924C58EB900A39E0E /* Debug */,
				57E91C9A24C58EB900A39E0E /* Release */,
			);
			defaultConfigurationIsVisible = 0;
			defaultConfigurationName = Release;
		};
		57E91C9B24C58EB900A39E0E /* Build configuration list for PBXNativeTarget "OOTD" */ = {
			isa = XCConfigurationList;
			buildConfigurations = (
				57E91C9C24C58EB900A39E0E /* Debug */,
				57E91C9D24C58EB900A39E0E /* Release */,
			);
			defaultConfigurationIsVisible = 0;
			defaultConfigurationName = Release;
		};
/* End XCConfigurationList section */

/* Begin XCRemoteSwiftPackageReference section */
		57E91C9E24C5926F00A39E0E /* XCRemoteSwiftPackageReference "ReactorKit" */ = {
			isa = XCRemoteSwiftPackageReference;
			repositoryURL = "https://github.com/ReactorKit/ReactorKit.git";
			requirement = {
				kind = upToNextMajorVersion;
				minimumVersion = 2.1.0;
			};
		};
		57E91CA124C592FC00A39E0E /* XCRemoteSwiftPackageReference "RxSwift" */ = {
			isa = XCRemoteSwiftPackageReference;
			repositoryURL = "https://github.com/ReactiveX/RxSwift";
			requirement = {
				kind = upToNextMajorVersion;
				minimumVersion = 5.1.1;
			};
		};
		57E91CB724C595AC00A39E0E /* XCRemoteSwiftPackageReference "Kingfisher" */ = {
			isa = XCRemoteSwiftPackageReference;
			repositoryURL = "https://github.com/onevcat/Kingfisher";
			requirement = {
				kind = upToNextMajorVersion;
				minimumVersion = 5.14.1;
			};
		};
/* End XCRemoteSwiftPackageReference section */

/* Begin XCSwiftPackageProductDependency section */
		57E91CAB24C5940000A39E0E /* ReactorKit */ = {
			isa = XCSwiftPackageProductDependency;
			package = 57E91C9E24C5926F00A39E0E /* XCRemoteSwiftPackageReference "ReactorKit" */;
			productName = ReactorKit;
		};
		57E91CAD24C5948100A39E0E /* RxBlocking */ = {
			isa = XCSwiftPackageProductDependency;
			package = 57E91CA124C592FC00A39E0E /* XCRemoteSwiftPackageReference "RxSwift" */;
			productName = RxBlocking;
		};
		57E91CAF24C5948100A39E0E /* RxCocoa */ = {
			isa = XCSwiftPackageProductDependency;
			package = 57E91CA124C592FC00A39E0E /* XCRemoteSwiftPackageReference "RxSwift" */;
			productName = RxCocoa;
		};
		57E91CB124C5948100A39E0E /* RxRelay */ = {
			isa = XCSwiftPackageProductDependency;
			package = 57E91CA124C592FC00A39E0E /* XCRemoteSwiftPackageReference "RxSwift" */;
			productName = RxRelay;
		};
		57E91CB324C5948100A39E0E /* RxSwift */ = {
			isa = XCSwiftPackageProductDependency;
			package = 57E91CA124C592FC00A39E0E /* XCRemoteSwiftPackageReference "RxSwift" */;
			productName = RxSwift;
		};
		57E91CB824C595AC00A39E0E /* Kingfisher */ = {
			isa = XCSwiftPackageProductDependency;
			package = 57E91CB724C595AC00A39E0E /* XCRemoteSwiftPackageReference "Kingfisher" */;
			productName = Kingfisher;
		};
/* End XCSwiftPackageProductDependency section */
	};
	rootObject = 57E91C7F24C58EB600A39E0E /* Project object */;
}
